// !$*UTF8*$!
{
	archiveVersion = 1;
	classes = {
	};
	objectVersion = 51;
	objects = {

/* Begin PBXBuildFile section */
		48CA466188A971EECB631684 /* Pods_LocationBasedWeatherTests.framework in Frameworks */ = {isa = PBXBuildFile; fileRef = A8031DD174FB9186A67202C6 /* Pods_LocationBasedWeatherTests.framework */; };
		86A93EAD5A7882466420DD9A /* Pods_LocationBasedWeather_LocationBasedWeatherUITests.framework in Frameworks */ = {isa = PBXBuildFile; fileRef = BC20802932DEA4E16282C749 /* Pods_LocationBasedWeather_LocationBasedWeatherUITests.framework */; };
		E2CBDD8EF2DAD7F2DB3C259C /* Pods_LocationBasedWeather.framework in Frameworks */ = {isa = PBXBuildFile; fileRef = 0A87A6374E6FCB06B9CF485F /* Pods_LocationBasedWeather.framework */; };
		ED38C69B23EAF7F60027857F /* HourlyWeatherCondition.swift in Sources */ = {isa = PBXBuildFile; fileRef = ED38C69A23EAF7F60027857F /* HourlyWeatherCondition.swift */; };
		ED38C69D23EAF8E60027857F /* WeatherData.swift in Sources */ = {isa = PBXBuildFile; fileRef = ED38C69C23EAF8E60027857F /* WeatherData.swift */; };
		ED38C69F23EAF9C30027857F /* HourlyWeather.swift in Sources */ = {isa = PBXBuildFile; fileRef = ED38C69E23EAF9C30027857F /* HourlyWeather.swift */; };
		ED38C6A123EAFA420027857F /* Flag.swift in Sources */ = {isa = PBXBuildFile; fileRef = ED38C6A023EAFA420027857F /* Flag.swift */; };
		ED38C6A323EB021E0027857F /* WeatherViewController.swift in Sources */ = {isa = PBXBuildFile; fileRef = ED38C6A223EB021E0027857F /* WeatherViewController.swift */; };
		ED38C6A523EB05140027857F /* CurrentWeather.swift in Sources */ = {isa = PBXBuildFile; fileRef = ED38C6A423EB05140027857F /* CurrentWeather.swift */; };
		ED38C6A723EB06680027857F /* DailyWeather.swift in Sources */ = {isa = PBXBuildFile; fileRef = ED38C6A623EB06680027857F /* DailyWeather.swift */; };
		ED38C6A923EB06F00027857F /* DailyWeatherCondition.swift in Sources */ = {isa = PBXBuildFile; fileRef = ED38C6A823EB06F00027857F /* DailyWeatherCondition.swift */; };
		ED4CBCB523E95F1D0092C410 /* AppDelegate.swift in Sources */ = {isa = PBXBuildFile; fileRef = ED4CBCB423E95F1D0092C410 /* AppDelegate.swift */; };
		ED4CBCB723E95F1D0092C410 /* SceneDelegate.swift in Sources */ = {isa = PBXBuildFile; fileRef = ED4CBCB623E95F1D0092C410 /* SceneDelegate.swift */; };
		ED4CBCB923E95F1D0092C410 /* ViewController.swift in Sources */ = {isa = PBXBuildFile; fileRef = ED4CBCB823E95F1D0092C410 /* ViewController.swift */; };
		ED4CBCBC23E95F1D0092C410 /* Main.storyboard in Resources */ = {isa = PBXBuildFile; fileRef = ED4CBCBA23E95F1D0092C410 /* Main.storyboard */; };
		ED4CBCBE23E95F1F0092C410 /* Assets.xcassets in Resources */ = {isa = PBXBuildFile; fileRef = ED4CBCBD23E95F1F0092C410 /* Assets.xcassets */; };
		ED4CBCC123E95F1F0092C410 /* LaunchScreen.storyboard in Resources */ = {isa = PBXBuildFile; fileRef = ED4CBCBF23E95F1F0092C410 /* LaunchScreen.storyboard */; };
		ED4CBCCC23E95F1F0092C410 /* LocationBasedWeatherTests.swift in Sources */ = {isa = PBXBuildFile; fileRef = ED4CBCCB23E95F1F0092C410 /* LocationBasedWeatherTests.swift */; };
		ED4CBCD723E95F1F0092C410 /* LocationBasedWeatherUITests.swift in Sources */ = {isa = PBXBuildFile; fileRef = ED4CBCD623E95F1F0092C410 /* LocationBasedWeatherUITests.swift */; };
		ED4CBCE523E960EA0092C410 /* Constants.swift in Sources */ = {isa = PBXBuildFile; fileRef = ED4CBCE423E960EA0092C410 /* Constants.swift */; };
		ED4CBCE723E966F80092C410 /* LocationService.swift in Sources */ = {isa = PBXBuildFile; fileRef = ED4CBCE623E966F80092C410 /* LocationService.swift */; };
		ED4CBCEE23E96A220092C410 /* Notification.Name+customNotifications.swift in Sources */ = {isa = PBXBuildFile; fileRef = ED4CBCED23E96A220092C410 /* Notification.Name+customNotifications.swift */; };
		ED618B2723ED5854005C557A /* LocationSearchTableViewController.swift in Sources */ = {isa = PBXBuildFile; fileRef = ED618B2623ED5854005C557A /* LocationSearchTableViewController.swift */; };
		ED618B2923ED5B2F005C557A /* MapKit.framework in Frameworks */ = {isa = PBXBuildFile; fileRef = ED618B2823ED5B2F005C557A /* MapKit.framework */; };
		ED618B2B23ED6045005C557A /* GMSMapView+region.swift in Sources */ = {isa = PBXBuildFile; fileRef = ED618B2A23ED6045005C557A /* GMSMapView+region.swift */; };
		ED75764123EC13F300503E3A /* HourlyWeatherCollectionViewCell.xib in Resources */ = {isa = PBXBuildFile; fileRef = ED75763F23EC13F300503E3A /* HourlyWeatherCollectionViewCell.xib */; };
		ED75764223EC13F300503E3A /* HourlyWeatherCollectionViewCell.swift in Sources */ = {isa = PBXBuildFile; fileRef = ED75764023EC13F300503E3A /* HourlyWeatherCollectionViewCell.swift */; };
		ED75764523EC156400503E3A /* DailyWeatherTableViewCell.xib in Resources */ = {isa = PBXBuildFile; fileRef = ED75764323EC156400503E3A /* DailyWeatherTableViewCell.xib */; };
		ED75764623EC156400503E3A /* DailyWeatherTableViewCell.swift in Sources */ = {isa = PBXBuildFile; fileRef = ED75764423EC156400503E3A /* DailyWeatherTableViewCell.swift */; };
		ED75764923EC16E700503E3A /* SummaryWeatherTableViewCell.xib in Resources */ = {isa = PBXBuildFile; fileRef = ED75764723EC16E700503E3A /* SummaryWeatherTableViewCell.xib */; };
		ED75764A23EC16E800503E3A /* SummaryWeatherTableViewCell.swift in Sources */ = {isa = PBXBuildFile; fileRef = ED75764823EC16E700503E3A /* SummaryWeatherTableViewCell.swift */; };
		ED75764D23EC176900503E3A /* WeatherDataTableViewCell.xib in Resources */ = {isa = PBXBuildFile; fileRef = ED75764B23EC176900503E3A /* WeatherDataTableViewCell.xib */; };
		ED75764E23EC176900503E3A /* WeatherDataTableViewCell.swift in Sources */ = {isa = PBXBuildFile; fileRef = ED75764C23EC176900503E3A /* WeatherDataTableViewCell.swift */; };
		EDC6749B23EAF33700CB5010 /* WeatherApi.swift in Sources */ = {isa = PBXBuildFile; fileRef = EDC6749A23EAF33700CB5010 /* WeatherApi.swift */; };
/* End PBXBuildFile section */

/* Begin PBXContainerItemProxy section */
		ED4CBCC823E95F1F0092C410 /* PBXContainerItemProxy */ = {
			isa = PBXContainerItemProxy;
			containerPortal = ED4CBCA923E95F1D0092C410 /* Project object */;
			proxyType = 1;
			remoteGlobalIDString = ED4CBCB023E95F1D0092C410;
			remoteInfo = LocationBasedWeather;
		};
		ED4CBCD323E95F1F0092C410 /* PBXContainerItemProxy */ = {
			isa = PBXContainerItemProxy;
			containerPortal = ED4CBCA923E95F1D0092C410 /* Project object */;
			proxyType = 1;
			remoteGlobalIDString = ED4CBCB023E95F1D0092C410;
			remoteInfo = LocationBasedWeather;
		};
/* End PBXContainerItemProxy section */

/* Begin PBXFileReference section */
		0A87A6374E6FCB06B9CF485F /* Pods_LocationBasedWeather.framework */ = {isa = PBXFileReference; explicitFileType = wrapper.framework; includeInIndex = 0; path = Pods_LocationBasedWeather.framework; sourceTree = BUILT_PRODUCTS_DIR; };
		290A6D6C9972538FCDE6694D /* Pods-LocationBasedWeatherTests.release.xcconfig */ = {isa = PBXFileReference; includeInIndex = 1; lastKnownFileType = text.xcconfig; name = "Pods-LocationBasedWeatherTests.release.xcconfig"; path = "Target Support Files/Pods-LocationBasedWeatherTests/Pods-LocationBasedWeatherTests.release.xcconfig"; sourceTree = "<group>"; };
		2990651002F3C212079008E3 /* Pods-LocationBasedWeather-LocationBasedWeatherUITests.release.xcconfig */ = {isa = PBXFileReference; includeInIndex = 1; lastKnownFileType = text.xcconfig; name = "Pods-LocationBasedWeather-LocationBasedWeatherUITests.release.xcconfig"; path = "Target Support Files/Pods-LocationBasedWeather-LocationBasedWeatherUITests/Pods-LocationBasedWeather-LocationBasedWeatherUITests.release.xcconfig"; sourceTree = "<group>"; };
		44F6A6DE347589AF05779B81 /* Pods-LocationBasedWeather.debug.xcconfig */ = {isa = PBXFileReference; includeInIndex = 1; lastKnownFileType = text.xcconfig; name = "Pods-LocationBasedWeather.debug.xcconfig"; path = "Target Support Files/Pods-LocationBasedWeather/Pods-LocationBasedWeather.debug.xcconfig"; sourceTree = "<group>"; };
		4FBC0AD200597C5B683A04AC /* Pods-LocationBasedWeather.release.xcconfig */ = {isa = PBXFileReference; includeInIndex = 1; lastKnownFileType = text.xcconfig; name = "Pods-LocationBasedWeather.release.xcconfig"; path = "Target Support Files/Pods-LocationBasedWeather/Pods-LocationBasedWeather.release.xcconfig"; sourceTree = "<group>"; };
		53177F2714DFEB7AF7148050 /* Pods-LocationBasedWeatherTests.debug.xcconfig */ = {isa = PBXFileReference; includeInIndex = 1; lastKnownFileType = text.xcconfig; name = "Pods-LocationBasedWeatherTests.debug.xcconfig"; path = "Target Support Files/Pods-LocationBasedWeatherTests/Pods-LocationBasedWeatherTests.debug.xcconfig"; sourceTree = "<group>"; };
		80DAA9D72FF3E2012ED72138 /* Pods-LocationBasedWeather-LocationBasedWeatherUITests.debug.xcconfig */ = {isa = PBXFileReference; includeInIndex = 1; lastKnownFileType = text.xcconfig; name = "Pods-LocationBasedWeather-LocationBasedWeatherUITests.debug.xcconfig"; path = "Target Support Files/Pods-LocationBasedWeather-LocationBasedWeatherUITests/Pods-LocationBasedWeather-LocationBasedWeatherUITests.debug.xcconfig"; sourceTree = "<group>"; };
		A8031DD174FB9186A67202C6 /* Pods_LocationBasedWeatherTests.framework */ = {isa = PBXFileReference; explicitFileType = wrapper.framework; includeInIndex = 0; path = Pods_LocationBasedWeatherTests.framework; sourceTree = BUILT_PRODUCTS_DIR; };
		BC20802932DEA4E16282C749 /* Pods_LocationBasedWeather_LocationBasedWeatherUITests.framework */ = {isa = PBXFileReference; explicitFileType = wrapper.framework; includeInIndex = 0; path = Pods_LocationBasedWeather_LocationBasedWeatherUITests.framework; sourceTree = BUILT_PRODUCTS_DIR; };
		ED38C69A23EAF7F60027857F /* HourlyWeatherCondition.swift */ = {isa = PBXFileReference; lastKnownFileType = sourcecode.swift; path = HourlyWeatherCondition.swift; sourceTree = "<group>"; };
		ED38C69C23EAF8E60027857F /* WeatherData.swift */ = {isa = PBXFileReference; lastKnownFileType = sourcecode.swift; path = WeatherData.swift; sourceTree = "<group>"; };
		ED38C69E23EAF9C30027857F /* HourlyWeather.swift */ = {isa = PBXFileReference; lastKnownFileType = sourcecode.swift; path = HourlyWeather.swift; sourceTree = "<group>"; };
		ED38C6A023EAFA420027857F /* Flag.swift */ = {isa = PBXFileReference; lastKnownFileType = sourcecode.swift; path = Flag.swift; sourceTree = "<group>"; };
		ED38C6A223EB021E0027857F /* WeatherViewController.swift */ = {isa = PBXFileReference; lastKnownFileType = sourcecode.swift; path = WeatherViewController.swift; sourceTree = "<group>"; };
		ED38C6A423EB05140027857F /* CurrentWeather.swift */ = {isa = PBXFileReference; lastKnownFileType = sourcecode.swift; path = CurrentWeather.swift; sourceTree = "<group>"; };
		ED38C6A623EB06680027857F /* DailyWeather.swift */ = {isa = PBXFileReference; lastKnownFileType = sourcecode.swift; path = DailyWeather.swift; sourceTree = "<group>"; };
		ED38C6A823EB06F00027857F /* DailyWeatherCondition.swift */ = {isa = PBXFileReference; lastKnownFileType = sourcecode.swift; path = DailyWeatherCondition.swift; sourceTree = "<group>"; };
		ED4CBCB123E95F1D0092C410 /* LocationBasedWeather.app */ = {isa = PBXFileReference; explicitFileType = wrapper.application; includeInIndex = 0; path = LocationBasedWeather.app; sourceTree = BUILT_PRODUCTS_DIR; };
		ED4CBCB423E95F1D0092C410 /* AppDelegate.swift */ = {isa = PBXFileReference; lastKnownFileType = sourcecode.swift; path = AppDelegate.swift; sourceTree = "<group>"; };
		ED4CBCB623E95F1D0092C410 /* SceneDelegate.swift */ = {isa = PBXFileReference; lastKnownFileType = sourcecode.swift; path = SceneDelegate.swift; sourceTree = "<group>"; };
		ED4CBCB823E95F1D0092C410 /* ViewController.swift */ = {isa = PBXFileReference; lastKnownFileType = sourcecode.swift; path = ViewController.swift; sourceTree = "<group>"; };
		ED4CBCBB23E95F1D0092C410 /* Base */ = {isa = PBXFileReference; lastKnownFileType = file.storyboard; name = Base; path = Base.lproj/Main.storyboard; sourceTree = "<group>"; };
		ED4CBCBD23E95F1F0092C410 /* Assets.xcassets */ = {isa = PBXFileReference; lastKnownFileType = folder.assetcatalog; path = Assets.xcassets; sourceTree = "<group>"; };
		ED4CBCC023E95F1F0092C410 /* Base */ = {isa = PBXFileReference; lastKnownFileType = file.storyboard; name = Base; path = Base.lproj/LaunchScreen.storyboard; sourceTree = "<group>"; };
		ED4CBCC223E95F1F0092C410 /* Info.plist */ = {isa = PBXFileReference; lastKnownFileType = text.plist.xml; path = Info.plist; sourceTree = "<group>"; };
		ED4CBCC723E95F1F0092C410 /* LocationBasedWeatherTests.xctest */ = {isa = PBXFileReference; explicitFileType = wrapper.cfbundle; includeInIndex = 0; path = LocationBasedWeatherTests.xctest; sourceTree = BUILT_PRODUCTS_DIR; };
		ED4CBCCB23E95F1F0092C410 /* LocationBasedWeatherTests.swift */ = {isa = PBXFileReference; lastKnownFileType = sourcecode.swift; path = LocationBasedWeatherTests.swift; sourceTree = "<group>"; };
		ED4CBCCD23E95F1F0092C410 /* Info.plist */ = {isa = PBXFileReference; lastKnownFileType = text.plist.xml; path = Info.plist; sourceTree = "<group>"; };
		ED4CBCD223E95F1F0092C410 /* LocationBasedWeatherUITests.xctest */ = {isa = PBXFileReference; explicitFileType = wrapper.cfbundle; includeInIndex = 0; path = LocationBasedWeatherUITests.xctest; sourceTree = BUILT_PRODUCTS_DIR; };
		ED4CBCD623E95F1F0092C410 /* LocationBasedWeatherUITests.swift */ = {isa = PBXFileReference; lastKnownFileType = sourcecode.swift; path = LocationBasedWeatherUITests.swift; sourceTree = "<group>"; };
		ED4CBCD823E95F1F0092C410 /* Info.plist */ = {isa = PBXFileReference; lastKnownFileType = text.plist.xml; path = Info.plist; sourceTree = "<group>"; };
		ED4CBCE423E960EA0092C410 /* Constants.swift */ = {isa = PBXFileReference; lastKnownFileType = sourcecode.swift; path = Constants.swift; sourceTree = "<group>"; };
		ED4CBCE623E966F80092C410 /* LocationService.swift */ = {isa = PBXFileReference; fileEncoding = 4; lastKnownFileType = sourcecode.swift; path = LocationService.swift; sourceTree = "<group>"; };
		ED4CBCED23E96A220092C410 /* Notification.Name+customNotifications.swift */ = {isa = PBXFileReference; lastKnownFileType = sourcecode.swift; path = "Notification.Name+customNotifications.swift"; sourceTree = "<group>"; };
		ED618B2623ED5854005C557A /* LocationSearchTableViewController.swift */ = {isa = PBXFileReference; lastKnownFileType = sourcecode.swift; path = LocationSearchTableViewController.swift; sourceTree = "<group>"; };
		ED618B2823ED5B2F005C557A /* MapKit.framework */ = {isa = PBXFileReference; lastKnownFileType = wrapper.framework; name = MapKit.framework; path = System/Library/Frameworks/MapKit.framework; sourceTree = SDKROOT; };
		ED618B2A23ED6045005C557A /* GMSMapView+region.swift */ = {isa = PBXFileReference; lastKnownFileType = sourcecode.swift; path = "GMSMapView+region.swift"; sourceTree = "<group>"; };
		ED75763F23EC13F300503E3A /* HourlyWeatherCollectionViewCell.xib */ = {isa = PBXFileReference; lastKnownFileType = file.xib; path = HourlyWeatherCollectionViewCell.xib; sourceTree = "<group>"; };
		ED75764023EC13F300503E3A /* HourlyWeatherCollectionViewCell.swift */ = {isa = PBXFileReference; lastKnownFileType = sourcecode.swift; path = HourlyWeatherCollectionViewCell.swift; sourceTree = "<group>"; };
		ED75764323EC156400503E3A /* DailyWeatherTableViewCell.xib */ = {isa = PBXFileReference; lastKnownFileType = file.xib; path = DailyWeatherTableViewCell.xib; sourceTree = "<group>"; };
		ED75764423EC156400503E3A /* DailyWeatherTableViewCell.swift */ = {isa = PBXFileReference; lastKnownFileType = sourcecode.swift; path = DailyWeatherTableViewCell.swift; sourceTree = "<group>"; };
		ED75764723EC16E700503E3A /* SummaryWeatherTableViewCell.xib */ = {isa = PBXFileReference; lastKnownFileType = file.xib; path = SummaryWeatherTableViewCell.xib; sourceTree = "<group>"; };
		ED75764823EC16E700503E3A /* SummaryWeatherTableViewCell.swift */ = {isa = PBXFileReference; lastKnownFileType = sourcecode.swift; path = SummaryWeatherTableViewCell.swift; sourceTree = "<group>"; };
		ED75764B23EC176900503E3A /* WeatherDataTableViewCell.xib */ = {isa = PBXFileReference; lastKnownFileType = file.xib; path = WeatherDataTableViewCell.xib; sourceTree = "<group>"; };
		ED75764C23EC176900503E3A /* WeatherDataTableViewCell.swift */ = {isa = PBXFileReference; lastKnownFileType = sourcecode.swift; path = WeatherDataTableViewCell.swift; sourceTree = "<group>"; };
		EDC6749A23EAF33700CB5010 /* WeatherApi.swift */ = {isa = PBXFileReference; lastKnownFileType = sourcecode.swift; path = WeatherApi.swift; sourceTree = "<group>"; };
/* End PBXFileReference section */

/* Begin PBXFrameworksBuildPhase section */
		ED4CBCAE23E95F1D0092C410 /* Frameworks */ = {
			isa = PBXFrameworksBuildPhase;
			buildActionMask = 2147483647;
			files = (
				ED618B2923ED5B2F005C557A /* MapKit.framework in Frameworks */,
				E2CBDD8EF2DAD7F2DB3C259C /* Pods_LocationBasedWeather.framework in Frameworks */,
			);
			runOnlyForDeploymentPostprocessing = 0;
		};
		ED4CBCC423E95F1F0092C410 /* Frameworks */ = {
			isa = PBXFrameworksBuildPhase;
			buildActionMask = 2147483647;
			files = (
				48CA466188A971EECB631684 /* Pods_LocationBasedWeatherTests.framework in Frameworks */,
			);
			runOnlyForDeploymentPostprocessing = 0;
		};
		ED4CBCCF23E95F1F0092C410 /* Frameworks */ = {
			isa = PBXFrameworksBuildPhase;
			buildActionMask = 2147483647;
			files = (
				86A93EAD5A7882466420DD9A /* Pods_LocationBasedWeather_LocationBasedWeatherUITests.framework in Frameworks */,
			);
			runOnlyForDeploymentPostprocessing = 0;
		};
/* End PBXFrameworksBuildPhase section */

/* Begin PBXGroup section */
		087A44BCFDC3DF938CEB4CED /* Pods */ = {
			isa = PBXGroup;
			children = (
				44F6A6DE347589AF05779B81 /* Pods-LocationBasedWeather.debug.xcconfig */,
				4FBC0AD200597C5B683A04AC /* Pods-LocationBasedWeather.release.xcconfig */,
				80DAA9D72FF3E2012ED72138 /* Pods-LocationBasedWeather-LocationBasedWeatherUITests.debug.xcconfig */,
				2990651002F3C212079008E3 /* Pods-LocationBasedWeather-LocationBasedWeatherUITests.release.xcconfig */,
				53177F2714DFEB7AF7148050 /* Pods-LocationBasedWeatherTests.debug.xcconfig */,
				290A6D6C9972538FCDE6694D /* Pods-LocationBasedWeatherTests.release.xcconfig */,
			);
			path = Pods;
			sourceTree = "<group>";
		};
		342AA6F5B9573F83AE04B5FA /* Frameworks */ = {
			isa = PBXGroup;
			children = (
				ED618B2823ED5B2F005C557A /* MapKit.framework */,
				0A87A6374E6FCB06B9CF485F /* Pods_LocationBasedWeather.framework */,
				BC20802932DEA4E16282C749 /* Pods_LocationBasedWeather_LocationBasedWeatherUITests.framework */,
				A8031DD174FB9186A67202C6 /* Pods_LocationBasedWeatherTests.framework */,
			);
			name = Frameworks;
			sourceTree = "<group>";
		};
		ED38C69723EAF7770027857F /* Models */ = {
			isa = PBXGroup;
			children = (
				ED38C69C23EAF8E60027857F /* WeatherData.swift */,
				ED38C6A423EB05140027857F /* CurrentWeather.swift */,
				ED38C69E23EAF9C30027857F /* HourlyWeather.swift */,
				ED38C69A23EAF7F60027857F /* HourlyWeatherCondition.swift */,
				ED38C6A623EB06680027857F /* DailyWeather.swift */,
				ED38C6A823EB06F00027857F /* DailyWeatherCondition.swift */,
				ED38C6A023EAFA420027857F /* Flag.swift */,
			);
			path = Models;
			sourceTree = "<group>";
		};
		ED4CBCA823E95F1D0092C410 = {
			isa = PBXGroup;
			children = (
				ED4CBCB323E95F1D0092C410 /* LocationBasedWeather */,
				ED4CBCCA23E95F1F0092C410 /* LocationBasedWeatherTests */,
				ED4CBCD523E95F1F0092C410 /* LocationBasedWeatherUITests */,
				ED4CBCB223E95F1D0092C410 /* Products */,
				087A44BCFDC3DF938CEB4CED /* Pods */,
				342AA6F5B9573F83AE04B5FA /* Frameworks */,
			);
			sourceTree = "<group>";
		};
		ED4CBCB223E95F1D0092C410 /* Products */ = {
			isa = PBXGroup;
			children = (
				ED4CBCB123E95F1D0092C410 /* LocationBasedWeather.app */,
				ED4CBCC723E95F1F0092C410 /* LocationBasedWeatherTests.xctest */,
				ED4CBCD223E95F1F0092C410 /* LocationBasedWeatherUITests.xctest */,
			);
			name = Products;
			sourceTree = "<group>";
		};
		ED4CBCB323E95F1D0092C410 /* LocationBasedWeather */ = {
			isa = PBXGroup;
			children = (
				ED4CBCE423E960EA0092C410 /* Constants.swift */,
				ED38C69723EAF7770027857F /* Models */,
				EDC6749C23EAF34800CB5010 /* Api */,
				ED4CBCE823E967030092C410 /* Services */,
				ED4CBCEC23E969EC0092C410 /* Helpers+Extensions */,
				ED75763823EC0FFF00503E3A /* CellViews */,
				ED4CBCB623E95F1D0092C410 /* SceneDelegate.swift */,
				ED4CBCB423E95F1D0092C410 /* AppDelegate.swift */,
				ED38C6A223EB021E0027857F /* WeatherViewController.swift */,
				ED4CBCB823E95F1D0092C410 /* ViewController.swift */,
				ED618B2623ED5854005C557A /* LocationSearchTableViewController.swift */,
				ED4CBCBA23E95F1D0092C410 /* Main.storyboard */,
				ED4CBCBD23E95F1F0092C410 /* Assets.xcassets */,
				ED4CBCBF23E95F1F0092C410 /* LaunchScreen.storyboard */,
				ED4CBCC223E95F1F0092C410 /* Info.plist */,
			);
			path = LocationBasedWeather;
			sourceTree = "<group>";
		};
		ED4CBCCA23E95F1F0092C410 /* LocationBasedWeatherTests */ = {
			isa = PBXGroup;
			children = (
				ED4CBCCB23E95F1F0092C410 /* LocationBasedWeatherTests.swift */,
				ED4CBCCD23E95F1F0092C410 /* Info.plist */,
			);
			path = LocationBasedWeatherTests;
			sourceTree = "<group>";
		};
		ED4CBCD523E95F1F0092C410 /* LocationBasedWeatherUITests */ = {
			isa = PBXGroup;
			children = (
				ED4CBCD623E95F1F0092C410 /* LocationBasedWeatherUITests.swift */,
				ED4CBCD823E95F1F0092C410 /* Info.plist */,
			);
			path = LocationBasedWeatherUITests;
			sourceTree = "<group>";
		};
		ED4CBCE823E967030092C410 /* Services */ = {
			isa = PBXGroup;
			children = (
				ED4CBCE623E966F80092C410 /* LocationService.swift */,
			);
			path = Services;
			sourceTree = "<group>";
		};
		ED4CBCEC23E969EC0092C410 /* Helpers+Extensions */ = {
			isa = PBXGroup;
			children = (
				ED4CBCED23E96A220092C410 /* Notification.Name+customNotifications.swift */,
				ED618B2A23ED6045005C557A /* GMSMapView+region.swift */,
			);
			path = "Helpers+Extensions";
			sourceTree = "<group>";
		};
		ED75763823EC0FFF00503E3A /* CellViews */ = {
			isa = PBXGroup;
			children = (
				ED75763F23EC13F300503E3A /* HourlyWeatherCollectionViewCell.xib */,
				ED75764023EC13F300503E3A /* HourlyWeatherCollectionViewCell.swift */,
				ED75764323EC156400503E3A /* DailyWeatherTableViewCell.xib */,
				ED75764423EC156400503E3A /* DailyWeatherTableViewCell.swift */,
				ED75764723EC16E700503E3A /* SummaryWeatherTableViewCell.xib */,
				ED75764823EC16E700503E3A /* SummaryWeatherTableViewCell.swift */,
				ED75764B23EC176900503E3A /* WeatherDataTableViewCell.xib */,
				ED75764C23EC176900503E3A /* WeatherDataTableViewCell.swift */,
			);
			path = CellViews;
			sourceTree = "<group>";
		};
		EDC6749C23EAF34800CB5010 /* Api */ = {
			isa = PBXGroup;
			children = (
				EDC6749A23EAF33700CB5010 /* WeatherApi.swift */,
			);
			path = Api;
			sourceTree = "<group>";
		};
/* End PBXGroup section */

/* Begin PBXNativeTarget section */
		ED4CBCB023E95F1D0092C410 /* LocationBasedWeather */ = {
			isa = PBXNativeTarget;
			buildConfigurationList = ED4CBCDB23E95F1F0092C410 /* Build configuration list for PBXNativeTarget "LocationBasedWeather" */;
			buildPhases = (
				25E0230701CC0E8BE9794831 /* [CP] Check Pods Manifest.lock */,
				ED4CBCAD23E95F1D0092C410 /* Sources */,
				ED4CBCAE23E95F1D0092C410 /* Frameworks */,
				ED4CBCAF23E95F1D0092C410 /* Resources */,
				198D492E8529202A32F01B2C /* [CP] Copy Pods Resources */,
			);
			buildRules = (
			);
			dependencies = (
			);
			name = LocationBasedWeather;
			productName = LocationBasedWeather;
			productReference = ED4CBCB123E95F1D0092C410 /* LocationBasedWeather.app */;
			productType = "com.apple.product-type.application";
		};
		ED4CBCC623E95F1F0092C410 /* LocationBasedWeatherTests */ = {
			isa = PBXNativeTarget;
			buildConfigurationList = ED4CBCDE23E95F1F0092C410 /* Build configuration list for PBXNativeTarget "LocationBasedWeatherTests" */;
			buildPhases = (
				7661AF1F2AB45F960016DF5D /* [CP] Check Pods Manifest.lock */,
				ED4CBCC323E95F1F0092C410 /* Sources */,
				ED4CBCC423E95F1F0092C410 /* Frameworks */,
				ED4CBCC523E95F1F0092C410 /* Resources */,
			);
			buildRules = (
			);
			dependencies = (
				ED4CBCC923E95F1F0092C410 /* PBXTargetDependency */,
			);
			name = LocationBasedWeatherTests;
			productName = LocationBasedWeatherTests;
			productReference = ED4CBCC723E95F1F0092C410 /* LocationBasedWeatherTests.xctest */;
			productType = "com.apple.product-type.bundle.unit-test";
		};
		ED4CBCD123E95F1F0092C410 /* LocationBasedWeatherUITests */ = {
			isa = PBXNativeTarget;
			buildConfigurationList = ED4CBCE123E95F1F0092C410 /* Build configuration list for PBXNativeTarget "LocationBasedWeatherUITests" */;
			buildPhases = (
				DEDB34D523773EBC7AF32250 /* [CP] Check Pods Manifest.lock */,
				ED4CBCCE23E95F1F0092C410 /* Sources */,
				ED4CBCCF23E95F1F0092C410 /* Frameworks */,
				ED4CBCD023E95F1F0092C410 /* Resources */,
				6F2D923E71764408A5C16D65 /* [CP] Copy Pods Resources */,
			);
			buildRules = (
			);
			dependencies = (
				ED4CBCD423E95F1F0092C410 /* PBXTargetDependency */,
			);
			name = LocationBasedWeatherUITests;
			productName = LocationBasedWeatherUITests;
			productReference = ED4CBCD223E95F1F0092C410 /* LocationBasedWeatherUITests.xctest */;
			productType = "com.apple.product-type.bundle.ui-testing";
		};
/* End PBXNativeTarget section */

/* Begin PBXProject section */
		ED4CBCA923E95F1D0092C410 /* Project object */ = {
			isa = PBXProject;
			attributes = {
				LastSwiftUpdateCheck = 1120;
				LastUpgradeCheck = 1120;
				ORGANIZATIONNAME = "Hot Cocoa Software";
				TargetAttributes = {
					ED4CBCB023E95F1D0092C410 = {
						CreatedOnToolsVersion = 11.2.1;
					};
					ED4CBCC623E95F1F0092C410 = {
						CreatedOnToolsVersion = 11.2.1;
						TestTargetID = ED4CBCB023E95F1D0092C410;
					};
					ED4CBCD123E95F1F0092C410 = {
						CreatedOnToolsVersion = 11.2.1;
						TestTargetID = ED4CBCB023E95F1D0092C410;
					};
				};
			};
			buildConfigurationList = ED4CBCAC23E95F1D0092C410 /* Build configuration list for PBXProject "LocationBasedWeather" */;
			compatibilityVersion = "Xcode 9.3";
			developmentRegion = en;
			hasScannedForEncodings = 0;
			knownRegions = (
				en,
				Base,
			);
			mainGroup = ED4CBCA823E95F1D0092C410;
			productRefGroup = ED4CBCB223E95F1D0092C410 /* Products */;
			projectDirPath = "";
			projectRoot = "";
			targets = (
				ED4CBCB023E95F1D0092C410 /* LocationBasedWeather */,
				ED4CBCC623E95F1F0092C410 /* LocationBasedWeatherTests */,
				ED4CBCD123E95F1F0092C410 /* LocationBasedWeatherUITests */,
			);
		};
/* End PBXProject section */

/* Begin PBXResourcesBuildPhase section */
		ED4CBCAF23E95F1D0092C410 /* Resources */ = {
			isa = PBXResourcesBuildPhase;
			buildActionMask = 2147483647;
			files = (
				ED75764523EC156400503E3A /* DailyWeatherTableViewCell.xib in Resources */,
				ED75764923EC16E700503E3A /* SummaryWeatherTableViewCell.xib in Resources */,
				ED4CBCC123E95F1F0092C410 /* LaunchScreen.storyboard in Resources */,
				ED4CBCBE23E95F1F0092C410 /* Assets.xcassets in Resources */,
				ED75764D23EC176900503E3A /* WeatherDataTableViewCell.xib in Resources */,
				ED75764123EC13F300503E3A /* HourlyWeatherCollectionViewCell.xib in Resources */,
				ED4CBCBC23E95F1D0092C410 /* Main.storyboard in Resources */,
			);
			runOnlyForDeploymentPostprocessing = 0;
		};
		ED4CBCC523E95F1F0092C410 /* Resources */ = {
			isa = PBXResourcesBuildPhase;
			buildActionMask = 2147483647;
			files = (
			);
			runOnlyForDeploymentPostprocessing = 0;
		};
		ED4CBCD023E95F1F0092C410 /* Resources */ = {
			isa = PBXResourcesBuildPhase;
			buildActionMask = 2147483647;
			files = (
			);
			runOnlyForDeploymentPostprocessing = 0;
		};
/* End PBXResourcesBuildPhase section */

/* Begin PBXShellScriptBuildPhase section */
		198D492E8529202A32F01B2C /* [CP] Copy Pods Resources */ = {
			isa = PBXShellScriptBuildPhase;
			buildActionMask = 2147483647;
			files = (
			);
			inputFileListPaths = (
				"${PODS_ROOT}/Target Support Files/Pods-LocationBasedWeather/Pods-LocationBasedWeather-resources-${CONFIGURATION}-input-files.xcfilelist",
			);
			name = "[CP] Copy Pods Resources";
			outputFileListPaths = (
				"${PODS_ROOT}/Target Support Files/Pods-LocationBasedWeather/Pods-LocationBasedWeather-resources-${CONFIGURATION}-output-files.xcfilelist",
			);
			runOnlyForDeploymentPostprocessing = 0;
			shellPath = /bin/sh;
			shellScript = "\"${PODS_ROOT}/Target Support Files/Pods-LocationBasedWeather/Pods-LocationBasedWeather-resources.sh\"\n";
			showEnvVarsInLog = 0;
		};
		25E0230701CC0E8BE9794831 /* [CP] Check Pods Manifest.lock */ = {
			isa = PBXShellScriptBuildPhase;
			buildActionMask = 2147483647;
			files = (
			);
			inputFileListPaths = (
			);
			inputPaths = (
				"${PODS_PODFILE_DIR_PATH}/Podfile.lock",
				"${PODS_ROOT}/Manifest.lock",
			);
			name = "[CP] Check Pods Manifest.lock";
			outputFileListPaths = (
			);
			outputPaths = (
				"$(DERIVED_FILE_DIR)/Pods-LocationBasedWeather-checkManifestLockResult.txt",
			);
			runOnlyForDeploymentPostprocessing = 0;
			shellPath = /bin/sh;
			shellScript = "diff \"${PODS_PODFILE_DIR_PATH}/Podfile.lock\" \"${PODS_ROOT}/Manifest.lock\" > /dev/null\nif [ $? != 0 ] ; then\n    # print error to STDERR\n    echo \"error: The sandbox is not in sync with the Podfile.lock. Run 'pod install' or update your CocoaPods installation.\" >&2\n    exit 1\nfi\n# This output is used by Xcode 'outputs' to avoid re-running this script phase.\necho \"SUCCESS\" > \"${SCRIPT_OUTPUT_FILE_0}\"\n";
			showEnvVarsInLog = 0;
		};
		6F2D923E71764408A5C16D65 /* [CP] Copy Pods Resources */ = {
			isa = PBXShellScriptBuildPhase;
			buildActionMask = 2147483647;
			files = (
			);
			inputFileListPaths = (
				"${PODS_ROOT}/Target Support Files/Pods-LocationBasedWeather-LocationBasedWeatherUITests/Pods-LocationBasedWeather-LocationBasedWeatherUITests-resources-${CONFIGURATION}-input-files.xcfilelist",
			);
			name = "[CP] Copy Pods Resources";
			outputFileListPaths = (
				"${PODS_ROOT}/Target Support Files/Pods-LocationBasedWeather-LocationBasedWeatherUITests/Pods-LocationBasedWeather-LocationBasedWeatherUITests-resources-${CONFIGURATION}-output-files.xcfilelist",
			);
			runOnlyForDeploymentPostprocessing = 0;
			shellPath = /bin/sh;
			shellScript = "\"${PODS_ROOT}/Target Support Files/Pods-LocationBasedWeather-LocationBasedWeatherUITests/Pods-LocationBasedWeather-LocationBasedWeatherUITests-resources.sh\"\n";
			showEnvVarsInLog = 0;
		};
		7661AF1F2AB45F960016DF5D /* [CP] Check Pods Manifest.lock */ = {
			isa = PBXShellScriptBuildPhase;
			buildActionMask = 2147483647;
			files = (
			);
			inputFileListPaths = (
			);
			inputPaths = (
				"${PODS_PODFILE_DIR_PATH}/Podfile.lock",
				"${PODS_ROOT}/Manifest.lock",
			);
			name = "[CP] Check Pods Manifest.lock";
			outputFileListPaths = (
			);
			outputPaths = (
				"$(DERIVED_FILE_DIR)/Pods-LocationBasedWeatherTests-checkManifestLockResult.txt",
			);
			runOnlyForDeploymentPostprocessing = 0;
			shellPath = /bin/sh;
			shellScript = "diff \"${PODS_PODFILE_DIR_PATH}/Podfile.lock\" \"${PODS_ROOT}/Manifest.lock\" > /dev/null\nif [ $? != 0 ] ; then\n    # print error to STDERR\n    echo \"error: The sandbox is not in sync with the Podfile.lock. Run 'pod install' or update your CocoaPods installation.\" >&2\n    exit 1\nfi\n# This output is used by Xcode 'outputs' to avoid re-running this script phase.\necho \"SUCCESS\" > \"${SCRIPT_OUTPUT_FILE_0}\"\n";
			showEnvVarsInLog = 0;
		};
		DEDB34D523773EBC7AF32250 /* [CP] Check Pods Manifest.lock */ = {
			isa = PBXShellScriptBuildPhase;
			buildActionMask = 2147483647;
			files = (
			);
			inputFileListPaths = (
			);
			inputPaths = (
				"${PODS_PODFILE_DIR_PATH}/Podfile.lock",
				"${PODS_ROOT}/Manifest.lock",
			);
			name = "[CP] Check Pods Manifest.lock";
			outputFileListPaths = (
			);
			outputPaths = (
				"$(DERIVED_FILE_DIR)/Pods-LocationBasedWeather-LocationBasedWeatherUITests-checkManifestLockResult.txt",
			);
			runOnlyForDeploymentPostprocessing = 0;
			shellPath = /bin/sh;
			shellScript = "diff \"${PODS_PODFILE_DIR_PATH}/Podfile.lock\" \"${PODS_ROOT}/Manifest.lock\" > /dev/null\nif [ $? != 0 ] ; then\n    # print error to STDERR\n    echo \"error: The sandbox is not in sync with the Podfile.lock. Run 'pod install' or update your CocoaPods installation.\" >&2\n    exit 1\nfi\n# This output is used by Xcode 'outputs' to avoid re-running this script phase.\necho \"SUCCESS\" > \"${SCRIPT_OUTPUT_FILE_0}\"\n";
			showEnvVarsInLog = 0;
		};
/* End PBXShellScriptBuildPhase section */

/* Begin PBXSourcesBuildPhase section */
		ED4CBCAD23E95F1D0092C410 /* Sources */ = {
			isa = PBXSourcesBuildPhase;
			buildActionMask = 2147483647;
			files = (
				ED4CBCEE23E96A220092C410 /* Notification.Name+customNotifications.swift in Sources */,
				ED75764623EC156400503E3A /* DailyWeatherTableViewCell.swift in Sources */,
				ED75764E23EC176900503E3A /* WeatherDataTableViewCell.swift in Sources */,
				ED38C6A323EB021E0027857F /* WeatherViewController.swift in Sources */,
				ED38C6A523EB05140027857F /* CurrentWeather.swift in Sources */,
				ED4CBCB923E95F1D0092C410 /* ViewController.swift in Sources */,
				ED4CBCB523E95F1D0092C410 /* AppDelegate.swift in Sources */,
				ED38C6A123EAFA420027857F /* Flag.swift in Sources */,
				ED4CBCE723E966F80092C410 /* LocationService.swift in Sources */,
				ED38C69F23EAF9C30027857F /* HourlyWeather.swift in Sources */,
				ED38C6A723EB06680027857F /* DailyWeather.swift in Sources */,
				ED38C69B23EAF7F60027857F /* HourlyWeatherCondition.swift in Sources */,
				ED618B2723ED5854005C557A /* LocationSearchTableViewController.swift in Sources */,
				ED75764223EC13F300503E3A /* HourlyWeatherCollectionViewCell.swift in Sources */,
				ED4CBCB723E95F1D0092C410 /* SceneDelegate.swift in Sources */,
				ED618B2B23ED6045005C557A /* GMSMapView+region.swift in Sources */,
				ED38C69D23EAF8E60027857F /* WeatherData.swift in Sources */,
				EDC6749B23EAF33700CB5010 /* WeatherApi.swift in Sources */,
				ED75764A23EC16E800503E3A /* SummaryWeatherTableViewCell.swift in Sources */,
				ED38C6A923EB06F00027857F /* DailyWeatherCondition.swift in Sources */,
				ED4CBCE523E960EA0092C410 /* Constants.swift in Sources */,
			);
			runOnlyForDeploymentPostprocessing = 0;
		};
		ED4CBCC323E95F1F0092C410 /* Sources */ = {
			isa = PBXSourcesBuildPhase;
			buildActionMask = 2147483647;
			files = (
				ED4CBCCC23E95F1F0092C410 /* LocationBasedWeatherTests.swift in Sources */,
			);
			runOnlyForDeploymentPostprocessing = 0;
		};
		ED4CBCCE23E95F1F0092C410 /* Sources */ = {
			isa = PBXSourcesBuildPhase;
			buildActionMask = 2147483647;
			files = (
				ED4CBCD723E95F1F0092C410 /* LocationBasedWeatherUITests.swift in Sources */,
			);
			runOnlyForDeploymentPostprocessing = 0;
		};
/* End PBXSourcesBuildPhase section */

/* Begin PBXTargetDependency section */
		ED4CBCC923E95F1F0092C410 /* PBXTargetDependency */ = {
			isa = PBXTargetDependency;
			target = ED4CBCB023E95F1D0092C410 /* LocationBasedWeather */;
			targetProxy = ED4CBCC823E95F1F0092C410 /* PBXContainerItemProxy */;
		};
		ED4CBCD423E95F1F0092C410 /* PBXTargetDependency */ = {
			isa = PBXTargetDependency;
			target = ED4CBCB023E95F1D0092C410 /* LocationBasedWeather */;
			targetProxy = ED4CBCD323E95F1F0092C410 /* PBXContainerItemProxy */;
		};
/* End PBXTargetDependency section */

/* Begin PBXVariantGroup section */
		ED4CBCBA23E95F1D0092C410 /* Main.storyboard */ = {
			isa = PBXVariantGroup;
			children = (
				ED4CBCBB23E95F1D0092C410 /* Base */,
			);
			name = Main.storyboard;
			sourceTree = "<group>";
		};
		ED4CBCBF23E95F1F0092C410 /* LaunchScreen.storyboard */ = {
			isa = PBXVariantGroup;
			children = (
				ED4CBCC023E95F1F0092C410 /* Base */,
			);
			name = LaunchScreen.storyboard;
			sourceTree = "<group>";
		};
/* End PBXVariantGroup section */

/* Begin XCBuildConfiguration section */
		ED4CBCD923E95F1F0092C410 /* Debug */ = {
			isa = XCBuildConfiguration;
			buildSettings = {
				ALWAYS_SEARCH_USER_PATHS = NO;
				CLANG_ANALYZER_NONNULL = YES;
				CLANG_ANALYZER_NUMBER_OBJECT_CONVERSION = YES_AGGRESSIVE;
				CLANG_CXX_LANGUAGE_STANDARD = "gnu++14";
				CLANG_CXX_LIBRARY = "libc++";
				CLANG_ENABLE_MODULES = YES;
				CLANG_ENABLE_OBJC_ARC = YES;
				CLANG_ENABLE_OBJC_WEAK = YES;
				CLANG_WARN_BLOCK_CAPTURE_AUTORELEASING = YES;
				CLANG_WARN_BOOL_CONVERSION = YES;
				CLANG_WARN_COMMA = YES;
				CLANG_WARN_CONSTANT_CONVERSION = YES;
				CLANG_WARN_DEPRECATED_OBJC_IMPLEMENTATIONS = YES;
				CLANG_WARN_DIRECT_OBJC_ISA_USAGE = YES_ERROR;
				CLANG_WARN_DOCUMENTATION_COMMENTS = YES;
				CLANG_WARN_EMPTY_BODY = YES;
				CLANG_WARN_ENUM_CONVERSION = YES;
				CLANG_WARN_INFINITE_RECURSION = YES;
				CLANG_WARN_INT_CONVERSION = YES;
				CLANG_WARN_NON_LITERAL_NULL_CONVERSION = YES;
				CLANG_WARN_OBJC_IMPLICIT_RETAIN_SELF = YES;
				CLANG_WARN_OBJC_LITERAL_CONVERSION = YES;
				CLANG_WARN_OBJC_ROOT_CLASS = YES_ERROR;
				CLANG_WARN_RANGE_LOOP_ANALYSIS = YES;
				CLANG_WARN_STRICT_PROTOTYPES = YES;
				CLANG_WARN_SUSPICIOUS_MOVE = YES;
				CLANG_WARN_UNGUARDED_AVAILABILITY = YES_AGGRESSIVE;
				CLANG_WARN_UNREACHABLE_CODE = YES;
				CLANG_WARN__DUPLICATE_METHOD_MATCH = YES;
				COPY_PHASE_STRIP = NO;
				DEBUG_INFORMATION_FORMAT = dwarf;
				ENABLE_STRICT_OBJC_MSGSEND = YES;
				ENABLE_TESTABILITY = YES;
				GCC_C_LANGUAGE_STANDARD = gnu11;
				GCC_DYNAMIC_NO_PIC = NO;
				GCC_NO_COMMON_BLOCKS = YES;
				GCC_OPTIMIZATION_LEVEL = 0;
				GCC_PREPROCESSOR_DEFINITIONS = (
					"DEBUG=1",
					"$(inherited)",
				);
				GCC_WARN_64_TO_32_BIT_CONVERSION = YES;
				GCC_WARN_ABOUT_RETURN_TYPE = YES_ERROR;
				GCC_WARN_UNDECLARED_SELECTOR = YES;
				GCC_WARN_UNINITIALIZED_AUTOS = YES_AGGRESSIVE;
				GCC_WARN_UNUSED_FUNCTION = YES;
				GCC_WARN_UNUSED_VARIABLE = YES;
				IPHONEOS_DEPLOYMENT_TARGET = 13.2;
				MTL_ENABLE_DEBUG_INFO = INCLUDE_SOURCE;
				MTL_FAST_MATH = YES;
				ONLY_ACTIVE_ARCH = YES;
				SDKROOT = iphoneos;
				SWIFT_ACTIVE_COMPILATION_CONDITIONS = DEBUG;
				SWIFT_OPTIMIZATION_LEVEL = "-Onone";
			};
			name = Debug;
		};
		ED4CBCDA23E95F1F0092C410 /* Release */ = {
			isa = XCBuildConfiguration;
			buildSettings = {
				ALWAYS_SEARCH_USER_PATHS = NO;
				CLANG_ANALYZER_NONNULL = YES;
				CLANG_ANALYZER_NUMBER_OBJECT_CONVERSION = YES_AGGRESSIVE;
				CLANG_CXX_LANGUAGE_STANDARD = "gnu++14";
				CLANG_CXX_LIBRARY = "libc++";
				CLANG_ENABLE_MODULES = YES;
				CLANG_ENABLE_OBJC_ARC = YES;
				CLANG_ENABLE_OBJC_WEAK = YES;
				CLANG_WARN_BLOCK_CAPTURE_AUTORELEASING = YES;
				CLANG_WARN_BOOL_CONVERSION = YES;
				CLANG_WARN_COMMA = YES;
				CLANG_WARN_CONSTANT_CONVERSION = YES;
				CLANG_WARN_DEPRECATED_OBJC_IMPLEMENTATIONS = YES;
				CLANG_WARN_DIRECT_OBJC_ISA_USAGE = YES_ERROR;
				CLANG_WARN_DOCUMENTATION_COMMENTS = YES;
				CLANG_WARN_EMPTY_BODY = YES;
				CLANG_WARN_ENUM_CONVERSION = YES;
				CLANG_WARN_INFINITE_RECURSION = YES;
				CLANG_WARN_INT_CONVERSION = YES;
				CLANG_WARN_NON_LITERAL_NULL_CONVERSION = YES;
				CLANG_WARN_OBJC_IMPLICIT_RETAIN_SELF = YES;
				CLANG_WARN_OBJC_LITERAL_CONVERSION = YES;
				CLANG_WARN_OBJC_ROOT_CLASS = YES_ERROR;
				CLANG_WARN_RANGE_LOOP_ANALYSIS = YES;
				CLANG_WARN_STRICT_PROTOTYPES = YES;
				CLANG_WARN_SUSPICIOUS_MOVE = YES;
				CLANG_WARN_UNGUARDED_AVAILABILITY = YES_AGGRESSIVE;
				CLANG_WARN_UNREACHABLE_CODE = YES;
				CLANG_WARN__DUPLICATE_METHOD_MATCH = YES;
				COPY_PHASE_STRIP = NO;
				DEBUG_INFORMATION_FORMAT = "dwarf-with-dsym";
				ENABLE_NS_ASSERTIONS = NO;
				ENABLE_STRICT_OBJC_MSGSEND = YES;
				GCC_C_LANGUAGE_STANDARD = gnu11;
				GCC_NO_COMMON_BLOCKS = YES;
				GCC_WARN_64_TO_32_BIT_CONVERSION = YES;
				GCC_WARN_ABOUT_RETURN_TYPE = YES_ERROR;
				GCC_WARN_UNDECLARED_SELECTOR = YES;
				GCC_WARN_UNINITIALIZED_AUTOS = YES_AGGRESSIVE;
				GCC_WARN_UNUSED_FUNCTION = YES;
				GCC_WARN_UNUSED_VARIABLE = YES;
				IPHONEOS_DEPLOYMENT_TARGET = 13.2;
				MTL_ENABLE_DEBUG_INFO = NO;
				MTL_FAST_MATH = YES;
				SDKROOT = iphoneos;
				SWIFT_COMPILATION_MODE = wholemodule;
				SWIFT_OPTIMIZATION_LEVEL = "-O";
				VALIDATE_PRODUCT = YES;
			};
			name = Release;
		};
		ED4CBCDC23E95F1F0092C410 /* Debug */ = {
			isa = XCBuildConfiguration;
			baseConfigurationReference = 44F6A6DE347589AF05779B81 /* Pods-LocationBasedWeather.debug.xcconfig */;
			buildSettings = {
				ASSETCATALOG_COMPILER_APPICON_NAME = AppIcon;
				CODE_SIGN_STYLE = Automatic;
				DEVELOPMENT_TEAM = SSD8A77M73;
				INFOPLIST_FILE = LocationBasedWeather/Info.plist;
				LD_RUNPATH_SEARCH_PATHS = (
					"$(inherited)",
					"@executable_path/Frameworks",
				);
				PRODUCT_BUNDLE_IDENTIFIER = com.hcs.LocationBasedWeather;
				PRODUCT_NAME = "$(TARGET_NAME)";
				SWIFT_VERSION = 5.0;
				TARGETED_DEVICE_FAMILY = "1,2";
			};
			name = Debug;
		};
		ED4CBCDD23E95F1F0092C410 /* Release */ = {
			isa = XCBuildConfiguration;
			baseConfigurationReference = 4FBC0AD200597C5B683A04AC /* Pods-LocationBasedWeather.release.xcconfig */;
			buildSettings = {
				ASSETCATALOG_COMPILER_APPICON_NAME = AppIcon;
				CODE_SIGN_STYLE = Automatic;
				DEVELOPMENT_TEAM = SSD8A77M73;
				INFOPLIST_FILE = LocationBasedWeather/Info.plist;
				LD_RUNPATH_SEARCH_PATHS = (
					"$(inherited)",
					"@executable_path/Frameworks",
				);
				PRODUCT_BUNDLE_IDENTIFIER = com.hcs.LocationBasedWeather;
				PRODUCT_NAME = "$(TARGET_NAME)";
				SWIFT_VERSION = 5.0;
				TARGETED_DEVICE_FAMILY = "1,2";
			};
			name = Release;
		};
		ED4CBCDF23E95F1F0092C410 /* Debug */ = {
			isa = XCBuildConfiguration;
			baseConfigurationReference = 53177F2714DFEB7AF7148050 /* Pods-LocationBasedWeatherTests.debug.xcconfig */;
			buildSettings = {
				ALWAYS_EMBED_SWIFT_STANDARD_LIBRARIES = YES;
				BUNDLE_LOADER = "$(TEST_HOST)";
				CODE_SIGN_STYLE = Automatic;
				DEVELOPMENT_TEAM = SSD8A77M73;
				INFOPLIST_FILE = LocationBasedWeatherTests/Info.plist;
				IPHONEOS_DEPLOYMENT_TARGET = 13.2;
				LD_RUNPATH_SEARCH_PATHS = (
					"$(inherited)",
					"@executable_path/Frameworks",
					"@loader_path/Frameworks",
				);
				PRODUCT_BUNDLE_IDENTIFIER = com.hcs.LocationBasedWeatherTests;
				PRODUCT_NAME = "$(TARGET_NAME)";
				SWIFT_VERSION = 5.0;
				TARGETED_DEVICE_FAMILY = "1,2";
				TEST_HOST = "$(BUILT_PRODUCTS_DIR)/LocationBasedWeather.app/LocationBasedWeather";
			};
			name = Debug;
		};
		ED4CBCE023E95F1F0092C410 /* Release */ = {
			isa = XCBuildConfiguration;
			baseConfigurationReference = 290A6D6C9972538FCDE6694D /* Pods-LocationBasedWeatherTests.release.xcconfig */;
			buildSettings = {
				ALWAYS_EMBED_SWIFT_STANDARD_LIBRARIES = YES;
				BUNDLE_LOADER = "$(TEST_HOST)";
				CODE_SIGN_STYLE = Automatic;
				DEVELOPMENT_TEAM = SSD8A77M73;
				INFOPLIST_FILE = LocationBasedWeatherTests/Info.plist;
				IPHONEOS_DEPLOYMENT_TARGET = 13.2;
				LD_RUNPATH_SEARCH_PATHS = (
					"$(inherited)",
					"@executable_path/Frameworks",
					"@loader_path/Frameworks",
				);
				PRODUCT_BUNDLE_IDENTIFIER = com.hcs.LocationBasedWeatherTests;
				PRODUCT_NAME = "$(TARGET_NAME)";
				SWIFT_VERSION = 5.0;
				TARGETED_DEVICE_FAMILY = "1,2";
				TEST_HOST = "$(BUILT_PRODUCTS_DIR)/LocationBasedWeather.app/LocationBasedWeather";
			};
			name = Release;
		};
		ED4CBCE223E95F1F0092C410 /* Debug */ = {
			isa = XCBuildConfiguration;
			baseConfigurationReference = 80DAA9D72FF3E2012ED72138 /* Pods-LocationBasedWeather-LocationBasedWeatherUITests.debug.xcconfig */;
			buildSettings = {
				ALWAYS_EMBED_SWIFT_STANDARD_LIBRARIES = YES;
				CODE_SIGN_STYLE = Automatic;
				DEVELOPMENT_TEAM = SSD8A77M73;
				INFOPLIST_FILE = LocationBasedWeatherUITests/Info.plist;
				LD_RUNPATH_SEARCH_PATHS = (
					"$(inherited)",
					"@executable_path/Frameworks",
					"@loader_path/Frameworks",
				);
				PRODUCT_BUNDLE_IDENTIFIER = com.hcs.LocationBasedWeatherUITests;
				PRODUCT_NAME = "$(TARGET_NAME)";
				SWIFT_VERSION = 5.0;
				TARGETED_DEVICE_FAMILY = "1,2";
				TEST_TARGET_NAME = LocationBasedWeather;
			};
			name = Debug;
		};
		ED4CBCE323E95F1F0092C410 /* Release */ = {
			isa = XCBuildConfiguration;
			baseConfigurationReference = 2990651002F3C212079008E3 /* Pods-LocationBasedWeather-LocationBasedWeatherUITests.release.xcconfig */;
			buildSettings = {
				ALWAYS_EMBED_SWIFT_STANDARD_LIBRARIES = YES;
				CODE_SIGN_STYLE = Automatic;
				DEVELOPMENT_TEAM = SSD8A77M73;
				INFOPLIST_FILE = LocationBasedWeatherUITests/Info.plist;
				LD_RUNPATH_SEARCH_PATHS = (
					"$(inherited)",
					"@executable_path/Frameworks",
					"@loader_path/Frameworks",
				);
				PRODUCT_BUNDLE_IDENTIFIER = com.hcs.LocationBasedWeatherUITests;
				PRODUCT_NAME = "$(TARGET_NAME)";
				SWIFT_VERSION = 5.0;
				TARGETED_DEVICE_FAMILY = "1,2";
				TEST_TARGET_NAME = LocationBasedWeather;
			};
			name = Release;
		};
/* End XCBuildConfiguration section */

/* Begin XCConfigurationList section */
		ED4CBCAC23E95F1D0092C410 /* Build configuration list for PBXProject "LocationBasedWeather" */ = {
			isa = XCConfigurationList;
			buildConfigurations = (
				ED4CBCD923E95F1F0092C410 /* Debug */,
				ED4CBCDA23E95F1F0092C410 /* Release */,
			);
			defaultConfigurationIsVisible = 0;
			defaultConfigurationName = Release;
		};
		ED4CBCDB23E95F1F0092C410 /* Build configuration list for PBXNativeTarget "LocationBasedWeather" */ = {
			isa = XCConfigurationList;
			buildConfigurations = (
				ED4CBCDC23E95F1F0092C410 /* Debug */,
				ED4CBCDD23E95F1F0092C410 /* Release */,
			);
			defaultConfigurationIsVisible = 0;
			defaultConfigurationName = Release;
		};
		ED4CBCDE23E95F1F0092C410 /* Build configuration list for PBXNativeTarget "LocationBasedWeatherTests" */ = {
			isa = XCConfigurationList;
			buildConfigurations = (
				ED4CBCDF23E95F1F0092C410 /* Debug */,
				ED4CBCE023E95F1F0092C410 /* Release */,
			);
			defaultConfigurationIsVisible = 0;
			defaultConfigurationName = Release;
		};
		ED4CBCE123E95F1F0092C410 /* Build configuration list for PBXNativeTarget "LocationBasedWeatherUITests" */ = {
			isa = XCConfigurationList;
			buildConfigurations = (
				ED4CBCE223E95F1F0092C410 /* Debug */,
				ED4CBCE323E95F1F0092C410 /* Release */,
			);
			defaultConfigurationIsVisible = 0;
			defaultConfigurationName = Release;
		};
/* End XCConfigurationList section */
	};
	rootObject = ED4CBCA923E95F1D0092C410 /* Project object */;
}
